
Microsoft Visual Studio Solution File, Format Version 12.00
# Visual Studio Version 16
VisualStudioVersion = 16.0.31729.503
MinimumVisualStudioVersion = 10.0.40219.1
Project("{FAE04EC0-301F-11D3-BF4B-00C04F79EFBC}") = "KeeperPRO", "KeeperPRO.csproj", "{AEB8AAD9-0E3C-435F-A246-79E0B2280445}"
EndProject
Global
	GlobalSection(SolutionConfigurationPlatforms) = preSolution
		Debug|Any CPU = Debug|Any CPU
		Release|Any CPU = Release|Any CPU
	EndGlobalSection
	GlobalSection(ProjectConfigurationPlatforms) = postSolution
		{AEB8AAD9-0E3C-435F-A246-79E0B2280445}.Debug|Any CPU.ActiveCfg = Debug|Any CPU
		{AEB8AAD9-0E3C-435F-A246-79E0B2280445}.Debug|Any CPU.Build.0 = Debug|Any CPU
		{AEB8AAD9-0E3C-435F-A246-79E0B2280445}.Release|Any CPU.ActiveCfg = Release|Any CPU
		{AEB8AAD9-0E3C-435F-A246-79E0B2280445}.Release|Any CPU.Build.0 = Release|Any CPU
	EndGlobalSection
	GlobalSection(SolutionProperties) = preSolution
		HideSolutionNode = FALSE
	EndGlobalSection
	GlobalSection(ExtensibilityGlobals) = postSolution
		SolutionGuid = {FCCE3709-0077-4025-8B17-624F7365D29F}
	EndGlobalSection
EndGlobal
